[ "calliope": {:git, "git://github.com/nurugger07/calliope.git", "f95603fbdace72c316ad1ce3fe62fb2c00e5881f", []},
  "cowboy": {:git, "git://github.com/extend/cowboy.git", "a96dddd04a6d7b0356e5dcafab73ac6533245861", []},
  "cowlib": {:git, "git://github.com/extend/cowlib.git", "0d4ece08a7cce90a07cf33d4edad29bc324c7d90", [ref: "0.5.1"]},
  "decimal": {:git, "git://github.com/ericmj/decimal.git", "ca3ca3de2425b1ee19d175eca92d80dcfe02fdb1", []},
  "ecto": {:git, "git://github.com/elixir-lang/ecto.git", "02cd543d263212beb38d377d7b999379518016e7", []},
  "elixir-datetime": {:git, "git://github.com/alco/elixir-datetime.git", "53a2d5da6ea98b2fbf2d51dd2ccc4eefb5d9b4e4", []},
  "erlydtl": {:git, "git://github.com/erlydtl/erlydtl.git", "8c876fde4c2b383c241d4d6cbba39d979548cd94", []},
  "exlager": {:git, "git://github.com/khia/exlager.git", "779a75350c6bf6a30b779f6d63e2d50a94c4d9a1", []},
  "goldrush": {:git, "git://github.com/DeadZen/goldrush.git", "71e63212f12c25827e0c1b4198d37d5d018a7fec", [tag: "0.1.6"]},
  "jsex": {:git, "git://github.com/talentdeficit/jsex.git", "3db1d520e00fb28c3eee4e5b30645d5878037c38", []},
  "jsx": {:git, "git://github.com/talentdeficit/jsx.git", "e50af6e109cb03bd26acf715cbc77de746507d1d", [tag: "v1.4.3"]},
  "lager": {:git, "https://github.com/basho/lager.git", "e118ae7a7100961ebc511e1614a9c0c5f5fc9b38", []},
  "mime": {:git, "git://github.com/dynamo/mime.git", "db84370c53a67a7e58a4d0cfb026f4edc64a9367", []},
  "plug": {:git, "git://github.com/elixir-lang/plug.git", "8da6da8dfe07aa904e9f630d59d9be6251ff208a", []},
  "plugs": {:git, "git://github.com/sugar-framework/plugs.git", "9159823000f5a908ee692356e0b1e1ad463e5e7f", []},
  "poolboy": {:git, "git://github.com/devinus/poolboy.git", "3cc20d045243fe8d034a295923bd3deeb3be047a", []},
  "postgrex": {:git, "git://github.com/ericmj/postgrex.git", "c6fbb72d6f0678efd02e58b38cf2308397f0566a", []},
  "ranch": {:git, "git://github.com/extend/ranch.git", "5df1f222f94e08abdcab7084f5e13027143cc222", [ref: "0.9.0"]},
  "sugar": {:git, "git://github.com/sugar-framework/sugar.git", "c40c5ab20e7f75c7fbcb214e4e1b517ec7d25e29", []},
  "templates": {:git, "git://github.com/sugar-framework/templates.git", "4f4740371f9f735be095134f2be34f20ba5f5910", []} ]
